
Microsoft Visual Studio Solution File, Format Version 12.00
# Visual Studio 2017
Project("{FAE04EC0-301F-11D3-BF4B-00C04F79EFBC}") = "MediaRest", "MediaRest.csproj", "{643A8F50-9027-4062-BD8D-D230F277CA2B}"
EndProject
Global
	GlobalSection(SolutionConfigurationPlatforms) = preSolution
		Debug|Any CPU = Debug|Any CPU
		Release|Any CPU = Release|Any CPU
	EndGlobalSection
	GlobalSection(ProjectConfigurationPlatforms) = postSolution
		{643A8F50-9027-4062-BD8D-D230F277CA2B}.Debug|Any CPU.ActiveCfg = Debug|Any CPU
		{643A8F50-9027-4062-BD8D-D230F277CA2B}.Debug|Any CPU.Build.0 = Debug|Any CPU
		{643A8F50-9027-4062-BD8D-D230F277CA2B}.Release|Any CPU.ActiveCfg = Release|Any CPU
		{643A8F50-9027-4062-BD8D-D230F277CA2B}.Release|Any CPU.Build.0 = Release|Any CPU
	EndGlobalSection
EndGlobal
